
Microsoft Visual Studio Solution File, Format Version 11.00
# Visual Studio 2010
Project("{FAE04EC0-301F-11D3-BF4B-00C04F79EFBC}") = "VR-SCULPTING", "Assembly-CSharp.csproj", "{B8650627-2C7D-A270-E3AE-7FB4C4D3B613}"
EndProject
Project("{E7840BED-7BD0-F448-9B2F-4A05DB7294B7}") = "VR-SCULPTING", "Assembly-UnityScript.unityproj", "{E9288CF2-C330-8135-6921-80F74756CE3E}"
EndProject
Global
	GlobalSection(SolutionConfigurationPlatforms) = preSolution
		Debug|Any CPU = Debug|Any CPU
		Release|Any CPU = Release|Any CPU
	EndGlobalSection
	GlobalSection(ProjectConfigurationPlatforms) = postSolution
		{B8650627-2C7D-A270-E3AE-7FB4C4D3B613}.Debug|Any CPU.ActiveCfg = Debug|Any CPU
		{B8650627-2C7D-A270-E3AE-7FB4C4D3B613}.Debug|Any CPU.Build.0 = Debug|Any CPU
		{B8650627-2C7D-A270-E3AE-7FB4C4D3B613}.Release|Any CPU.ActiveCfg = Release|Any CPU
		{B8650627-2C7D-A270-E3AE-7FB4C4D3B613}.Release|Any CPU.Build.0 = Release|Any CPU
		{E9288CF2-C330-8135-6921-80F74756CE3E}.Debug|Any CPU.ActiveCfg = Debug|Any CPU
		{E9288CF2-C330-8135-6921-80F74756CE3E}.Debug|Any CPU.Build.0 = Debug|Any CPU
		{E9288CF2-C330-8135-6921-80F74756CE3E}.Release|Any CPU.ActiveCfg = Release|Any CPU
		{E9288CF2-C330-8135-6921-80F74756CE3E}.Release|Any CPU.Build.0 = Release|Any CPU
	EndGlobalSection
	GlobalSection(SolutionProperties) = preSolution
		HideSolutionNode = FALSE
	EndGlobalSection
	GlobalSection(MonoDevelopProperties) = preSolution
		StartupItem = Assembly-CSharp.csproj
	EndGlobalSection
EndGlobal
