
Microsoft Visual Studio Solution File, Format Version 12.00
# Visual Studio 2017
Project("{FAE04EC0-301F-11D3-BF4B-00C04F79EFBC}") = "VRSculpt", "VRSculpt.csproj", "{691C5650-13C8-BAF2-6901-5E2CB2335ADC}"
EndProject
Project("{FAE04EC0-301F-11D3-BF4B-00C04F79EFBC}") = "VRSculpt.Plugins", "VRSculpt.Plugins.csproj", "{0E7A0B30-0E8B-3AC1-3921-D87B5793BF7A}"
EndProject
Global
	GlobalSection(SolutionConfigurationPlatforms) = preSolution
		Debug|Any CPU = Debug|Any CPU
		Release|Any CPU = Release|Any CPU
	EndGlobalSection
	GlobalSection(ProjectConfigurationPlatforms) = postSolution
		{691C5650-13C8-BAF2-6901-5E2CB2335ADC}.Debug|Any CPU.ActiveCfg = Debug|Any CPU
		{691C5650-13C8-BAF2-6901-5E2CB2335ADC}.Debug|Any CPU.Build.0 = Debug|Any CPU
		{691C5650-13C8-BAF2-6901-5E2CB2335ADC}.Release|Any CPU.ActiveCfg = Release|Any CPU
		{691C5650-13C8-BAF2-6901-5E2CB2335ADC}.Release|Any CPU.Build.0 = Release|Any CPU
		{0E7A0B30-0E8B-3AC1-3921-D87B5793BF7A}.Debug|Any CPU.ActiveCfg = Debug|Any CPU
		{0E7A0B30-0E8B-3AC1-3921-D87B5793BF7A}.Debug|Any CPU.Build.0 = Debug|Any CPU
		{0E7A0B30-0E8B-3AC1-3921-D87B5793BF7A}.Release|Any CPU.ActiveCfg = Release|Any CPU
		{0E7A0B30-0E8B-3AC1-3921-D87B5793BF7A}.Release|Any CPU.Build.0 = Release|Any CPU
	EndGlobalSection
	GlobalSection(SolutionProperties) = preSolution
		HideSolutionNode = FALSE
	EndGlobalSection
EndGlobal
